// !$*UTF8*$!
{
	archiveVersion = 1;
	classes = {
	};
	objectVersion = 56;
	objects = {

/* Begin PBXBuildFile section */
		2C27C6232AB3D74400E8CF5D /* Date+Extension.swift in Sources */ = {isa = PBXBuildFile; fileRef = 2C27C6222AB3D74400E8CF5D /* Date+Extension.swift */; };
		2C27C6252AB3D75E00E8CF5D /* View+Extension.swift in Sources */ = {isa = PBXBuildFile; fileRef = 2C27C6242AB3D75E00E8CF5D /* View+Extension.swift */; };
		2C27C62B2AB3D86F00E8CF5D /* ConfigView.swift in Sources */ = {isa = PBXBuildFile; fileRef = 2C27C62A2AB3D86F00E8CF5D /* ConfigView.swift */; };
		2C27C62D2AB3D9DC00E8CF5D /* LoggerView.swift in Sources */ = {isa = PBXBuildFile; fileRef = 2C27C62C2AB3D9DC00E8CF5D /* LoggerView.swift */; };
		2CD9177F2AB80F8200373E26 /* CommonButtonStyle.swift in Sources */ = {isa = PBXBuildFile; fileRef = 2CD9177E2AB80F8200373E26 /* CommonButtonStyle.swift */; };
		350DB2A02C3D1D5700901892 /* StopSleepIntent.swift in Sources */ = {isa = PBXBuildFile; fileRef = 350DB29F2C3D1D5700901892 /* StopSleepIntent.swift */; };
		35141D012C1ABB4B00826C76 /* ReportListView.swift in Sources */ = {isa = PBXBuildFile; fileRef = 35141D002C1ABB4B00826C76 /* ReportListView.swift */; };
		35141D082C1C15E000826C76 /* Debug.xcconfig in Resources */ = {isa = PBXBuildFile; fileRef = 35141D072C1C15E000826C76 /* Debug.xcconfig */; };
		35141D0A2C1C178600826C76 /* Release.xcconfig in Resources */ = {isa = PBXBuildFile; fileRef = 35141D092C1C178600826C76 /* Release.xcconfig */; };
		353707F32C37E9E600CDE53E /* StartSleepIntent.swift in Sources */ = {isa = PBXBuildFile; fileRef = 353707F22C37E9E600CDE53E /* StartSleepIntent.swift */; };
		A2B5D1192A4195B000250DBA /* MainViewModel.swift in Sources */ = {isa = PBXBuildFile; fileRef = A2B5D1182A4195B000250DBA /* MainViewModel.swift */; };
		A2B5D1212A44170800250DBA /* ReportView.swift in Sources */ = {isa = PBXBuildFile; fileRef = A2B5D1202A44170800250DBA /* ReportView.swift */; };
		D40043FB2B0359C1007185B9 /* AsleepSDK in Frameworks */ = {isa = PBXBuildFile; productRef = D40043FA2B0359C1007185B9 /* AsleepSDK */; };
		DE1F2B122A11F5AE005BD704 /* AsleepSDKSampleAppApp.swift in Sources */ = {isa = PBXBuildFile; fileRef = DE1F2B112A11F5AE005BD704 /* AsleepSDKSampleAppApp.swift */; };
		DE1F2B142A11F5AE005BD704 /* MainView.swift in Sources */ = {isa = PBXBuildFile; fileRef = DE1F2B132A11F5AE005BD704 /* MainView.swift */; };
		DE1F2B162A11F5AF005BD704 /* Assets.xcassets in Resources */ = {isa = PBXBuildFile; fileRef = DE1F2B152A11F5AF005BD704 /* Assets.xcassets */; };
		DE1F2B192A11F5AF005BD704 /* Preview Assets.xcassets in Resources */ = {isa = PBXBuildFile; fileRef = DE1F2B182A11F5AF005BD704 /* Preview Assets.xcassets */; };
/* End PBXBuildFile section */

/* Begin PBXFileReference section */
		2C27C6222AB3D74400E8CF5D /* Date+Extension.swift */ = {isa = PBXFileReference; lastKnownFileType = sourcecode.swift; path = "Date+Extension.swift"; sourceTree = "<group>"; };
		2C27C6242AB3D75E00E8CF5D /* View+Extension.swift */ = {isa = PBXFileReference; lastKnownFileType = sourcecode.swift; path = "View+Extension.swift"; sourceTree = "<group>"; };
		2C27C62A2AB3D86F00E8CF5D /* ConfigView.swift */ = {isa = PBXFileReference; lastKnownFileType = sourcecode.swift; path = ConfigView.swift; sourceTree = "<group>"; };
		2C27C62C2AB3D9DC00E8CF5D /* LoggerView.swift */ = {isa = PBXFileReference; lastKnownFileType = sourcecode.swift; path = LoggerView.swift; sourceTree = "<group>"; };
		2CD9177E2AB80F8200373E26 /* CommonButtonStyle.swift */ = {isa = PBXFileReference; lastKnownFileType = sourcecode.swift; path = CommonButtonStyle.swift; sourceTree = "<group>"; };
		350DB29F2C3D1D5700901892 /* StopSleepIntent.swift */ = {isa = PBXFileReference; lastKnownFileType = sourcecode.swift; path = StopSleepIntent.swift; sourceTree = "<group>"; };
		35141D002C1ABB4B00826C76 /* ReportListView.swift */ = {isa = PBXFileReference; lastKnownFileType = sourcecode.swift; path = ReportListView.swift; sourceTree = "<group>"; };
		35141D072C1C15E000826C76 /* Debug.xcconfig */ = {isa = PBXFileReference; lastKnownFileType = text.xcconfig; path = Debug.xcconfig; sourceTree = "<group>"; };
		35141D092C1C178600826C76 /* Release.xcconfig */ = {isa = PBXFileReference; lastKnownFileType = text.xcconfig; path = Release.xcconfig; sourceTree = "<group>"; };
		353707F22C37E9E600CDE53E /* StartSleepIntent.swift */ = {isa = PBXFileReference; lastKnownFileType = sourcecode.swift; path = StartSleepIntent.swift; sourceTree = "<group>"; };
		A2B5D1172A4094F000250DBA /* Info.plist */ = {isa = PBXFileReference; lastKnownFileType = text.plist; path = Info.plist; sourceTree = "<group>"; };
		A2B5D1182A4195B000250DBA /* MainViewModel.swift */ = {isa = PBXFileReference; lastKnownFileType = sourcecode.swift; path = MainViewModel.swift; sourceTree = "<group>"; };
		A2B5D1202A44170800250DBA /* ReportView.swift */ = {isa = PBXFileReference; lastKnownFileType = sourcecode.swift; path = ReportView.swift; sourceTree = "<group>"; };
		DE1F2B0E2A11F5AE005BD704 /* AsleepSDKSampleApp.app */ = {isa = PBXFileReference; explicitFileType = wrapper.application; includeInIndex = 0; path = AsleepSDKSampleApp.app; sourceTree = BUILT_PRODUCTS_DIR; };
		DE1F2B112A11F5AE005BD704 /* AsleepSDKSampleAppApp.swift */ = {isa = PBXFileReference; lastKnownFileType = sourcecode.swift; path = AsleepSDKSampleAppApp.swift; sourceTree = "<group>"; };
		DE1F2B132A11F5AE005BD704 /* MainView.swift */ = {isa = PBXFileReference; lastKnownFileType = sourcecode.swift; path = MainView.swift; sourceTree = "<group>"; };
		DE1F2B152A11F5AF005BD704 /* Assets.xcassets */ = {isa = PBXFileReference; lastKnownFileType = folder.assetcatalog; path = Assets.xcassets; sourceTree = "<group>"; };
		DE1F2B182A11F5AF005BD704 /* Preview Assets.xcassets */ = {isa = PBXFileReference; lastKnownFileType = folder.assetcatalog; path = "Preview Assets.xcassets"; sourceTree = "<group>"; };
/* End PBXFileReference section */

/* Begin PBXFrameworksBuildPhase section */
		DE1F2B0B2A11F5AE005BD704 /* Frameworks */ = {
			isa = PBXFrameworksBuildPhase;
			buildActionMask = 2147483647;
			files = (
				D40043FB2B0359C1007185B9 /* AsleepSDK in Frameworks */,
			);
			runOnlyForDeploymentPostprocessing = 0;
		};
/* End PBXFrameworksBuildPhase section */

/* Begin PBXGroup section */
		2C27C6212AB3D73400E8CF5D /* Extension */ = {
			isa = PBXGroup;
			children = (
				2C27C6222AB3D74400E8CF5D /* Date+Extension.swift */,
				2C27C6242AB3D75E00E8CF5D /* View+Extension.swift */,
			);
			path = Extension;
			sourceTree = "<group>";
		};
		2C27C6262AB3D81D00E8CF5D /* Scene */ = {
			isa = PBXGroup;
			children = (
				35141CFF2C1ABB3C00826C76 /* ReportList */,
				2C27C6272AB3D82B00E8CF5D /* Main */,
				2C27C6282AB3D83300E8CF5D /* Report */,
			);
			path = Scene;
			sourceTree = "<group>";
		};
		2C27C6272AB3D82B00E8CF5D /* Main */ = {
			isa = PBXGroup;
			children = (
				2C27C62E2AB3DAD800E8CF5D /* SubView */,
				DE1F2B132A11F5AE005BD704 /* MainView.swift */,
				A2B5D1182A4195B000250DBA /* MainViewModel.swift */,
			);
			path = Main;
			sourceTree = "<group>";
		};
		2C27C6282AB3D83300E8CF5D /* Report */ = {
			isa = PBXGroup;
			children = (
				A2B5D1202A44170800250DBA /* ReportView.swift */,
			);
			path = Report;
			sourceTree = "<group>";
		};
		2C27C62E2AB3DAD800E8CF5D /* SubView */ = {
			isa = PBXGroup;
			children = (
				2C27C62A2AB3D86F00E8CF5D /* ConfigView.swift */,
				2C27C62C2AB3D9DC00E8CF5D /* LoggerView.swift */,
			);
			path = SubView;
			sourceTree = "<group>";
		};
		2CD9177D2AB80F7000373E26 /* Style */ = {
			isa = PBXGroup;
			children = (
				2CD9177E2AB80F8200373E26 /* CommonButtonStyle.swift */,
			);
			path = Style;
			sourceTree = "<group>";
		};
		35141CFF2C1ABB3C00826C76 /* ReportList */ = {
			isa = PBXGroup;
			children = (
				35141D002C1ABB4B00826C76 /* ReportListView.swift */,
			);
			path = ReportList;
			sourceTree = "<group>";
		};
		353707F12C37E9D800CDE53E /* Intents */ = {
			isa = PBXGroup;
			children = (
				353707F22C37E9E600CDE53E /* StartSleepIntent.swift */,
				350DB29F2C3D1D5700901892 /* StopSleepIntent.swift */,
			);
			path = Intents;
			sourceTree = "<group>";
		};
		DE1F2B052A11F5AE005BD704 = {
			isa = PBXGroup;
			children = (
				DE1F2B102A11F5AE005BD704 /* AsleepSDKSampleApp */,
				DE1F2B0F2A11F5AE005BD704 /* Products */,
			);
			sourceTree = "<group>";
		};
		DE1F2B0F2A11F5AE005BD704 /* Products */ = {
			isa = PBXGroup;
			children = (
				DE1F2B0E2A11F5AE005BD704 /* AsleepSDKSampleApp.app */,
			);
			name = Products;
			sourceTree = "<group>";
		};
		DE1F2B102A11F5AE005BD704 /* AsleepSDKSampleApp */ = {
			isa = PBXGroup;
			children = (
				353707F12C37E9D800CDE53E /* Intents */,
				35141D092C1C178600826C76 /* Release.xcconfig */,
				35141D072C1C15E000826C76 /* Debug.xcconfig */,
				2CD9177D2AB80F7000373E26 /* Style */,
				A2B5D1172A4094F000250DBA /* Info.plist */,
				2C27C6212AB3D73400E8CF5D /* Extension */,
				2C27C6262AB3D81D00E8CF5D /* Scene */,
				DE1F2B112A11F5AE005BD704 /* AsleepSDKSampleAppApp.swift */,
				DE1F2B152A11F5AF005BD704 /* Assets.xcassets */,
				DE1F2B172A11F5AF005BD704 /* Preview Content */,
			);
			path = AsleepSDKSampleApp;
			sourceTree = "<group>";
		};
		DE1F2B172A11F5AF005BD704 /* Preview Content */ = {
			isa = PBXGroup;
			children = (
				DE1F2B182A11F5AF005BD704 /* Preview Assets.xcassets */,
			);
			path = "Preview Content";
			sourceTree = "<group>";
		};
/* End PBXGroup section */

/* Begin PBXNativeTarget section */
		DE1F2B0D2A11F5AE005BD704 /* AsleepSDKSampleApp */ = {
			isa = PBXNativeTarget;
			buildConfigurationList = DE1F2B322A11F5B0005BD704 /* Build configuration list for PBXNativeTarget "AsleepSDKSampleApp" */;
			buildPhases = (
				DE1F2B0A2A11F5AE005BD704 /* Sources */,
				DE1F2B0B2A11F5AE005BD704 /* Frameworks */,
				DE1F2B0C2A11F5AE005BD704 /* Resources */,
			);
			buildRules = (
			);
			dependencies = (
			);
			name = AsleepSDKSampleApp;
			packageProductDependencies = (
				D40043FA2B0359C1007185B9 /* AsleepSDK */,
			);
			productName = AsleepSDKSampleApp;
			productReference = DE1F2B0E2A11F5AE005BD704 /* AsleepSDKSampleApp.app */;
			productType = "com.apple.product-type.application";
		};
/* End PBXNativeTarget section */

/* Begin PBXProject section */
		DE1F2B062A11F5AE005BD704 /* Project object */ = {
			isa = PBXProject;
			attributes = {
				BuildIndependentTargetsInParallel = 1;
				LastSwiftUpdateCheck = 1430;
				LastUpgradeCheck = 1430;
				TargetAttributes = {
					DE1F2B0D2A11F5AE005BD704 = {
						CreatedOnToolsVersion = 14.3;
					};
				};
			};
			buildConfigurationList = DE1F2B092A11F5AE005BD704 /* Build configuration list for PBXProject "AsleepSDKSampleApp" */;
			compatibilityVersion = "Xcode 14.0";
			developmentRegion = en;
			hasScannedForEncodings = 0;
			knownRegions = (
				en,
				Base,
			);
			mainGroup = DE1F2B052A11F5AE005BD704;
			packageReferences = (
				D40043F92B0359C1007185B9 /* XCRemoteSwiftPackageReference "asleep-sdk-ios" */,
			);
			productRefGroup = DE1F2B0F2A11F5AE005BD704 /* Products */;
			projectDirPath = "";
			projectRoot = "";
			targets = (
				DE1F2B0D2A11F5AE005BD704 /* AsleepSDKSampleApp */,
			);
		};
/* End PBXProject section */

/* Begin PBXResourcesBuildPhase section */
		DE1F2B0C2A11F5AE005BD704 /* Resources */ = {
			isa = PBXResourcesBuildPhase;
			buildActionMask = 2147483647;
			files = (
				35141D0A2C1C178600826C76 /* Release.xcconfig in Resources */,
				DE1F2B192A11F5AF005BD704 /* Preview Assets.xcassets in Resources */,
				DE1F2B162A11F5AF005BD704 /* Assets.xcassets in Resources */,
				35141D082C1C15E000826C76 /* Debug.xcconfig in Resources */,
			);
			runOnlyForDeploymentPostprocessing = 0;
		};
/* End PBXResourcesBuildPhase section */

/* Begin PBXSourcesBuildPhase section */
		DE1F2B0A2A11F5AE005BD704 /* Sources */ = {
			isa = PBXSourcesBuildPhase;
			buildActionMask = 2147483647;
			files = (
				2C27C6232AB3D74400E8CF5D /* Date+Extension.swift in Sources */,
				A2B5D1192A4195B000250DBA /* MainViewModel.swift in Sources */,
				350DB2A02C3D1D5700901892 /* StopSleepIntent.swift in Sources */,
				353707F32C37E9E600CDE53E /* StartSleepIntent.swift in Sources */,
				35141D012C1ABB4B00826C76 /* ReportListView.swift in Sources */,
				DE1F2B142A11F5AE005BD704 /* MainView.swift in Sources */,
				2C27C62B2AB3D86F00E8CF5D /* ConfigView.swift in Sources */,
				2CD9177F2AB80F8200373E26 /* CommonButtonStyle.swift in Sources */,
				A2B5D1212A44170800250DBA /* ReportView.swift in Sources */,
				2C27C6252AB3D75E00E8CF5D /* View+Extension.swift in Sources */,
				2C27C62D2AB3D9DC00E8CF5D /* LoggerView.swift in Sources */,
				DE1F2B122A11F5AE005BD704 /* AsleepSDKSampleAppApp.swift in Sources */,
			);
			runOnlyForDeploymentPostprocessing = 0;
		};
/* End PBXSourcesBuildPhase section */

/* Begin XCBuildConfiguration section */
		DE1F2B302A11F5B0005BD704 /* Debug */ = {
			isa = XCBuildConfiguration;
			baseConfigurationReference = 35141D072C1C15E000826C76 /* Debug.xcconfig */;
			buildSettings = {
				ALWAYS_SEARCH_USER_PATHS = NO;
				CLANG_ANALYZER_NONNULL = YES;
				CLANG_ANALYZER_NUMBER_OBJECT_CONVERSION = YES_AGGRESSIVE;
				CLANG_CXX_LANGUAGE_STANDARD = "gnu++20";
				CLANG_ENABLE_MODULES = YES;
				CLANG_ENABLE_OBJC_ARC = YES;
				CLANG_ENABLE_OBJC_WEAK = YES;
				CLANG_WARN_BLOCK_CAPTURE_AUTORELEASING = YES;
				CLANG_WARN_BOOL_CONVERSION = YES;
				CLANG_WARN_COMMA = YES;
				CLANG_WARN_CONSTANT_CONVERSION = YES;
				CLANG_WARN_DEPRECATED_OBJC_IMPLEMENTATIONS = YES;
				CLANG_WARN_DIRECT_OBJC_ISA_USAGE = YES_ERROR;
				CLANG_WARN_DOCUMENTATION_COMMENTS = YES;
				CLANG_WARN_EMPTY_BODY = YES;
				CLANG_WARN_ENUM_CONVERSION = YES;
				CLANG_WARN_INFINITE_RECURSION = YES;
				CLANG_WARN_INT_CONVERSION = YES;
				CLANG_WARN_NON_LITERAL_NULL_CONVERSION = YES;
				CLANG_WARN_OBJC_IMPLICIT_RETAIN_SELF = YES;
				CLANG_WARN_OBJC_LITERAL_CONVERSION = YES;
				CLANG_WARN_OBJC_ROOT_CLASS = YES_ERROR;
				CLANG_WARN_QUOTED_INCLUDE_IN_FRAMEWORK_HEADER = YES;
				CLANG_WARN_RANGE_LOOP_ANALYSIS = YES;
				CLANG_WARN_STRICT_PROTOTYPES = YES;
				CLANG_WARN_SUSPICIOUS_MOVE = YES;
				CLANG_WARN_UNGUARDED_AVAILABILITY = YES_AGGRESSIVE;
				CLANG_WARN_UNREACHABLE_CODE = YES;
				CLANG_WARN__DUPLICATE_METHOD_MATCH = YES;
				COPY_PHASE_STRIP = NO;
				DEBUG_INFORMATION_FORMAT = dwarf;
				ENABLE_APPINTENTS_DEPLOYMENT_AWARE_PROCESSING = NO;
				ENABLE_STRICT_OBJC_MSGSEND = YES;
				ENABLE_TESTABILITY = YES;
				GCC_C_LANGUAGE_STANDARD = gnu11;
				GCC_DYNAMIC_NO_PIC = NO;
				GCC_NO_COMMON_BLOCKS = YES;
				GCC_OPTIMIZATION_LEVEL = 0;
				GCC_PREPROCESSOR_DEFINITIONS = (
					"DEBUG=1",
					"$(inherited)",
				);
				GCC_WARN_64_TO_32_BIT_CONVERSION = YES;
				GCC_WARN_ABOUT_RETURN_TYPE = YES_ERROR;
				GCC_WARN_UNDECLARED_SELECTOR = YES;
				GCC_WARN_UNINITIALIZED_AUTOS = YES_AGGRESSIVE;
				GCC_WARN_UNUSED_FUNCTION = YES;
				GCC_WARN_UNUSED_VARIABLE = YES;
				IPHONEOS_DEPLOYMENT_TARGET = 16.4;
				MTL_ENABLE_DEBUG_INFO = INCLUDE_SOURCE;
				MTL_FAST_MATH = YES;
				ONLY_ACTIVE_ARCH = YES;
				SDKROOT = iphoneos;
				SWIFT_ACTIVE_COMPILATION_CONDITIONS = DEBUG;
				SWIFT_OPTIMIZATION_LEVEL = "-Onone";
			};
			name = Debug;
		};
		DE1F2B312A11F5B0005BD704 /* Release */ = {
			isa = XCBuildConfiguration;
			baseConfigurationReference = 35141D092C1C178600826C76 /* Release.xcconfig */;
			buildSettings = {
				ALWAYS_SEARCH_USER_PATHS = NO;
				CLANG_ANALYZER_NONNULL = YES;
				CLANG_ANALYZER_NUMBER_OBJECT_CONVERSION = YES_AGGRESSIVE;
				CLANG_CXX_LANGUAGE_STANDARD = "gnu++20";
				CLANG_ENABLE_MODULES = YES;
				CLANG_ENABLE_OBJC_ARC = YES;
				CLANG_ENABLE_OBJC_WEAK = YES;
				CLANG_WARN_BLOCK_CAPTURE_AUTORELEASING = YES;
				CLANG_WARN_BOOL_CONVERSION = YES;
				CLANG_WARN_COMMA = YES;
				CLANG_WARN_CONSTANT_CONVERSION = YES;
				CLANG_WARN_DEPRECATED_OBJC_IMPLEMENTATIONS = YES;
				CLANG_WARN_DIRECT_OBJC_ISA_USAGE = YES_ERROR;
				CLANG_WARN_DOCUMENTATION_COMMENTS = YES;
				CLANG_WARN_EMPTY_BODY = YES;
				CLANG_WARN_ENUM_CONVERSION = YES;
				CLANG_WARN_INFINITE_RECURSION = YES;
				CLANG_WARN_INT_CONVERSION = YES;
				CLANG_WARN_NON_LITERAL_NULL_CONVERSION = YES;
				CLANG_WARN_OBJC_IMPLICIT_RETAIN_SELF = YES;
				CLANG_WARN_OBJC_LITERAL_CONVERSION = YES;
				CLANG_WARN_OBJC_ROOT_CLASS = YES_ERROR;
				CLANG_WARN_QUOTED_INCLUDE_IN_FRAMEWORK_HEADER = YES;
				CLANG_WARN_RANGE_LOOP_ANALYSIS = YES;
				CLANG_WARN_STRICT_PROTOTYPES = YES;
				CLANG_WARN_SUSPICIOUS_MOVE = YES;
				CLANG_WARN_UNGUARDED_AVAILABILITY = YES_AGGRESSIVE;
				CLANG_WARN_UNREACHABLE_CODE = YES;
				CLANG_WARN__DUPLICATE_METHOD_MATCH = YES;
				COPY_PHASE_STRIP = NO;
				DEBUG_INFORMATION_FORMAT = "dwarf-with-dsym";
				ENABLE_APPINTENTS_DEPLOYMENT_AWARE_PROCESSING = NO;
				ENABLE_NS_ASSERTIONS = NO;
				ENABLE_STRICT_OBJC_MSGSEND = YES;
				GCC_C_LANGUAGE_STANDARD = gnu11;
				GCC_NO_COMMON_BLOCKS = YES;
				GCC_WARN_64_TO_32_BIT_CONVERSION = YES;
				GCC_WARN_ABOUT_RETURN_TYPE = YES_ERROR;
				GCC_WARN_UNDECLARED_SELECTOR = YES;
				GCC_WARN_UNINITIALIZED_AUTOS = YES_AGGRESSIVE;
				GCC_WARN_UNUSED_FUNCTION = YES;
				GCC_WARN_UNUSED_VARIABLE = YES;
				IPHONEOS_DEPLOYMENT_TARGET = 16.4;
				MTL_ENABLE_DEBUG_INFO = NO;
				MTL_FAST_MATH = YES;
				SDKROOT = iphoneos;
				SWIFT_COMPILATION_MODE = wholemodule;
				SWIFT_OPTIMIZATION_LEVEL = "-O";
				VALIDATE_PRODUCT = YES;
			};
			name = Release;
		};
		DE1F2B332A11F5B0005BD704 /* Debug */ = {
			isa = XCBuildConfiguration;
			buildSettings = {
				ASSETCATALOG_COMPILER_APPICON_NAME = AppIcon;
				ASSETCATALOG_COMPILER_GLOBAL_ACCENT_COLOR_NAME = AccentColor;
				CODE_SIGN_STYLE = Automatic;
				CURRENT_PROJECT_VERSION = 1;
				DEVELOPMENT_ASSET_PATHS = "\"AsleepSDKSampleApp/Preview Content\"";
				DEVELOPMENT_TEAM = "";
				ENABLE_PREVIEWS = YES;
				GENERATE_INFOPLIST_FILE = YES;
				INFOPLIST_FILE = AsleepSDKSampleApp/Info.plist;
				INFOPLIST_KEY_NSMicrophoneUsageDescription = "Microphone access is required for sleep measurement. The measured data is encrypted.";
				INFOPLIST_KEY_NSSupportsLiveActivities = YES;
				INFOPLIST_KEY_UIApplicationSceneManifest_Generation = YES;
				INFOPLIST_KEY_UIApplicationSupportsIndirectInputEvents = YES;
				INFOPLIST_KEY_UIRequiresFullScreen = YES;
				INFOPLIST_KEY_UISupportedInterfaceOrientations = UIInterfaceOrientationPortrait;
				INFOPLIST_KEY_UISupportedInterfaceOrientations_iPad = "UIInterfaceOrientationPortrait UIInterfaceOrientationPortraitUpsideDown";
				INFOPLIST_KEY_UIUserInterfaceStyle = Light;
				IPHONEOS_DEPLOYMENT_TARGET = 14.0;
				LD_RUNPATH_SEARCH_PATHS = (
					"$(inherited)",
					"@executable_path/Frameworks",
				);
				MARKETING_VERSION = "3.1.1-1";
				PRODUCT_BUNDLE_IDENTIFIER = ai.asleep.AsleepSDKSampleAppPublic;
				PRODUCT_NAME = "$(TARGET_NAME)";
				SUPPORTED_PLATFORMS = "iphoneos iphonesimulator";
				SUPPORTS_MACCATALYST = NO;
				SUPPORTS_MAC_DESIGNED_FOR_IPHONE_IPAD = NO;
				SWIFT_EMIT_LOC_STRINGS = YES;
				SWIFT_VERSION = 5.0;
				TARGETED_DEVICE_FAMILY = 1;
			};
			name = Debug;
		};
		DE1F2B342A11F5B0005BD704 /* Release */ = {
			isa = XCBuildConfiguration;
			buildSettings = {
				ASSETCATALOG_COMPILER_APPICON_NAME = AppIcon;
				ASSETCATALOG_COMPILER_GLOBAL_ACCENT_COLOR_NAME = AccentColor;
				CODE_SIGN_STYLE = Automatic;
				CURRENT_PROJECT_VERSION = 1;
				DEVELOPMENT_ASSET_PATHS = "\"AsleepSDKSampleApp/Preview Content\"";
				DEVELOPMENT_TEAM = "";
				ENABLE_PREVIEWS = YES;
				GENERATE_INFOPLIST_FILE = YES;
				INFOPLIST_FILE = AsleepSDKSampleApp/Info.plist;
				INFOPLIST_KEY_NSMicrophoneUsageDescription = "Microphone access is required for sleep measurement. The measured data is encrypted.";
				INFOPLIST_KEY_NSSupportsLiveActivities = YES;
				INFOPLIST_KEY_UIApplicationSceneManifest_Generation = YES;
				INFOPLIST_KEY_UIApplicationSupportsIndirectInputEvents = YES;
				INFOPLIST_KEY_UIRequiresFullScreen = YES;
				INFOPLIST_KEY_UISupportedInterfaceOrientations = UIInterfaceOrientationPortrait;
				INFOPLIST_KEY_UISupportedInterfaceOrientations_iPad = "UIInterfaceOrientationPortrait UIInterfaceOrientationPortraitUpsideDown";
				INFOPLIST_KEY_UIUserInterfaceStyle = Light;
				IPHONEOS_DEPLOYMENT_TARGET = 14.0;
				LD_RUNPATH_SEARCH_PATHS = (
					"$(inherited)",
					"@executable_path/Frameworks",
				);
				MARKETING_VERSION = "3.1.1-1";
				PRODUCT_BUNDLE_IDENTIFIER = ai.asleep.AsleepSDKSampleAppPublic;
				PRODUCT_NAME = "$(TARGET_NAME)";
				SUPPORTED_PLATFORMS = "iphoneos iphonesimulator";
				SUPPORTS_MACCATALYST = NO;
				SUPPORTS_MAC_DESIGNED_FOR_IPHONE_IPAD = NO;
				SWIFT_EMIT_LOC_STRINGS = YES;
				SWIFT_VERSION = 5.0;
				TARGETED_DEVICE_FAMILY = 1;
			};
			name = Release;
		};
/* End XCBuildConfiguration section */

/* Begin XCConfigurationList section */
		DE1F2B092A11F5AE005BD704 /* Build configuration list for PBXProject "AsleepSDKSampleApp" */ = {
			isa = XCConfigurationList;
			buildConfigurations = (
				DE1F2B302A11F5B0005BD704 /* Debug */,
				DE1F2B312A11F5B0005BD704 /* Release */,
			);
			defaultConfigurationIsVisible = 0;
			defaultConfigurationName = Release;
		};
		DE1F2B322A11F5B0005BD704 /* Build configuration list for PBXNativeTarget "AsleepSDKSampleApp" */ = {
			isa = XCConfigurationList;
			buildConfigurations = (
				DE1F2B332A11F5B0005BD704 /* Debug */,
				DE1F2B342A11F5B0005BD704 /* Release */,
			);
			defaultConfigurationIsVisible = 0;
			defaultConfigurationName = Release;
		};
/* End XCConfigurationList section */

/* Begin XCRemoteSwiftPackageReference section */
		D40043F92B0359C1007185B9 /* XCRemoteSwiftPackageReference "asleep-sdk-ios" */ = {
			isa = XCRemoteSwiftPackageReference;
			repositoryURL = "https://github.com/asleep-ai/asleep-sdk-ios";
			requirement = {
				kind = upToNextMajorVersion;
				minimumVersion = 3.1.0;
			};
		};
/* End XCRemoteSwiftPackageReference section */

/* Begin XCSwiftPackageProductDependency section */
		D40043FA2B0359C1007185B9 /* AsleepSDK */ = {
			isa = XCSwiftPackageProductDependency;
			package = D40043F92B0359C1007185B9 /* XCRemoteSwiftPackageReference "asleep-sdk-ios" */;
			productName = AsleepSDK;
		};
/* End XCSwiftPackageProductDependency section */
	};
	rootObject = DE1F2B062A11F5AE005BD704 /* Project object */;
}
