{
  "pins" : [
    {
      "identity" : "asleep-sdk-ios",
      "kind" : "remoteSourceControl",
      "location" : "https://github.com/asleep-ai/asleep-sdk-ios",
      "state" : {
        "revision" : "5f0e928302459406b96b348bc2d7d4edf6013fed",
        "version" : "2.2.0"
      }
    }
  ],
  "version" : 2
}
