{
  "originHash" : "34d4bf45aa837024df79123ea409db209c48a49862177f190cd9d5d8f3c7c1c6",
  "pins" : [
    {
      "identity" : "asleep-sdk-ios",
      "kind" : "remoteSourceControl",
      "location" : "https://github.com/asleep-ai/asleep-sdk-ios",
      "state" : {
        "revision" : "7cad329d06e12dd81ee01790e47bcba1d9a82e27",
        "version" : "3.1.1"
      }
    }
  ],
  "version" : 3
}
