{
  "originHash" : "34d4bf45aa837024df79123ea409db209c48a49862177f190cd9d5d8f3c7c1c6",
  "pins" : [
    {
      "identity" : "asleep-sdk-ios",
      "kind" : "remoteSourceControl",
      "location" : "https://github.com/asleep-ai/asleep-sdk-ios",
      "state" : {
        "revision" : "56f70d638aa3a49a625c25c4dada451b06d34381",
        "version" : "2.4.3"
      }
    }
  ],
  "version" : 3
}
